// !$*UTF8*$!
{
	archiveVersion = 1;
	classes = {
	};
	objectVersion = 50;
	objects = {

/* Begin PBXBuildFile section */
		0BBF5B2DEDB5A43B77A8C650 /* Pods_HA_iOS_TakeHome.framework in Frameworks */ = {isa = PBXBuildFile; fileRef = 865D7D0312EEC0FC6A4416DA /* Pods_HA_iOS_TakeHome.framework */; };
		4468D35D6D078BFD3CB7E049 /* Pods_HA_iOS_TakeHomeTests.framework in Frameworks */ = {isa = PBXBuildFile; fileRef = 2B1E45C0B31C1D3B1194BC54 /* Pods_HA_iOS_TakeHomeTests.framework */; };
		580E9918217EC68E0050EE22 /* ProCellSnapshot.swift in Sources */ = {isa = PBXBuildFile; fileRef = 580E9917217EC68E0050EE22 /* ProCellSnapshot.swift */; };
		585ADEEE217805C300D76AB6 /* AppDelegate.swift in Sources */ = {isa = PBXBuildFile; fileRef = 585ADEED217805C300D76AB6 /* AppDelegate.swift */; };
		585ADEF3217805C300D76AB6 /* Main.storyboard in Resources */ = {isa = PBXBuildFile; fileRef = 585ADEF1217805C300D76AB6 /* Main.storyboard */; };
		585ADEF5217805C400D76AB6 /* Assets.xcassets in Resources */ = {isa = PBXBuildFile; fileRef = 585ADEF4217805C400D76AB6 /* Assets.xcassets */; };
		585ADF0E217805C500D76AB6 /* HA_iOS_TakeHomeUITests.swift in Sources */ = {isa = PBXBuildFile; fileRef = 585ADF0D217805C500D76AB6 /* HA_iOS_TakeHomeUITests.swift */; };
		585ADF22217808D700D76AB6 /* ProsVC.swift in Sources */ = {isa = PBXBuildFile; fileRef = 585ADF21217808D700D76AB6 /* ProsVC.swift */; };
		585ADF2421780AED00D76AB6 /* ProsCell.swift in Sources */ = {isa = PBXBuildFile; fileRef = 585ADF2321780AED00D76AB6 /* ProsCell.swift */; };
		585ADF26217814E500D76AB6 /* Pros.swift in Sources */ = {isa = PBXBuildFile; fileRef = 585ADF25217814E500D76AB6 /* Pros.swift */; };
		585ADF2B217817D000D76AB6 /* DataService.swift in Sources */ = {isa = PBXBuildFile; fileRef = 585ADF2A217817D000D76AB6 /* DataService.swift */; };
		585ADF6E2179485000D76AB6 /* DetailVC.swift in Sources */ = {isa = PBXBuildFile; fileRef = 585ADF6D2179485000D76AB6 /* DetailVC.swift */; };
		588CEB32217E74FB00B7066A /* pro_data.json in Resources */ = {isa = PBXBuildFile; fileRef = 588CEB31217E74FB00B7066A /* pro_data.json */; };
/* End PBXBuildFile section */

/* Begin PBXContainerItemProxy section */
		585ADEFF217805C500D76AB6 /* PBXContainerItemProxy */ = {
			isa = PBXContainerItemProxy;
			containerPortal = 585ADEE2217805C300D76AB6 /* Project object */;
			proxyType = 1;
			remoteGlobalIDString = 585ADEE9217805C300D76AB6;
			remoteInfo = HA_iOS_TakeHome;
		};
		585ADF0A217805C500D76AB6 /* PBXContainerItemProxy */ = {
			isa = PBXContainerItemProxy;
			containerPortal = 585ADEE2217805C300D76AB6 /* Project object */;
			proxyType = 1;
			remoteGlobalIDString = 585ADEE9217805C300D76AB6;
			remoteInfo = HA_iOS_TakeHome;
		};
/* End PBXContainerItemProxy section */

/* Begin PBXFileReference section */
		07FDD773568D796DA4FBEF1D /* Pods-HA_iOS_TakeHomeTests.debug.xcconfig */ = {isa = PBXFileReference; includeInIndex = 1; lastKnownFileType = text.xcconfig; name = "Pods-HA_iOS_TakeHomeTests.debug.xcconfig"; path = "Pods/Target Support Files/Pods-HA_iOS_TakeHomeTests/Pods-HA_iOS_TakeHomeTests.debug.xcconfig"; sourceTree = "<group>"; };
		2B1E45C0B31C1D3B1194BC54 /* Pods_HA_iOS_TakeHomeTests.framework */ = {isa = PBXFileReference; explicitFileType = wrapper.framework; includeInIndex = 0; path = Pods_HA_iOS_TakeHomeTests.framework; sourceTree = BUILT_PRODUCTS_DIR; };
		323854B61D2AB5A2D739C988 /* Pods-HA_iOS_TakeHome.release.xcconfig */ = {isa = PBXFileReference; includeInIndex = 1; lastKnownFileType = text.xcconfig; name = "Pods-HA_iOS_TakeHome.release.xcconfig"; path = "Pods/Target Support Files/Pods-HA_iOS_TakeHome/Pods-HA_iOS_TakeHome.release.xcconfig"; sourceTree = "<group>"; };
		580E9917217EC68E0050EE22 /* ProCellSnapshot.swift */ = {isa = PBXFileReference; lastKnownFileType = sourcecode.swift; path = ProCellSnapshot.swift; sourceTree = "<group>"; };
		585ADEEA217805C300D76AB6 /* HA_iOS_TakeHome.app */ = {isa = PBXFileReference; explicitFileType = wrapper.application; includeInIndex = 0; path = HA_iOS_TakeHome.app; sourceTree = BUILT_PRODUCTS_DIR; };
		585ADEED217805C300D76AB6 /* AppDelegate.swift */ = {isa = PBXFileReference; lastKnownFileType = sourcecode.swift; path = AppDelegate.swift; sourceTree = "<group>"; };
		585ADEF2217805C300D76AB6 /* Base */ = {isa = PBXFileReference; lastKnownFileType = file.storyboard; name = Base; path = Base.lproj/Main.storyboard; sourceTree = "<group>"; };
		585ADEF4217805C400D76AB6 /* Assets.xcassets */ = {isa = PBXFileReference; lastKnownFileType = folder.assetcatalog; path = Assets.xcassets; sourceTree = "<group>"; };
		585ADEF9217805C400D76AB6 /* Info.plist */ = {isa = PBXFileReference; lastKnownFileType = text.plist.xml; path = Info.plist; sourceTree = "<group>"; };
		585ADEFE217805C500D76AB6 /* HA_iOS_TakeHomeTests.xctest */ = {isa = PBXFileReference; explicitFileType = wrapper.cfbundle; includeInIndex = 0; path = HA_iOS_TakeHomeTests.xctest; sourceTree = BUILT_PRODUCTS_DIR; };
		585ADF04217805C500D76AB6 /* Info.plist */ = {isa = PBXFileReference; lastKnownFileType = text.plist.xml; path = Info.plist; sourceTree = "<group>"; };
		585ADF09217805C500D76AB6 /* HA_iOS_TakeHomeUITests.xctest */ = {isa = PBXFileReference; explicitFileType = wrapper.cfbundle; includeInIndex = 0; path = HA_iOS_TakeHomeUITests.xctest; sourceTree = BUILT_PRODUCTS_DIR; };
		585ADF0D217805C500D76AB6 /* HA_iOS_TakeHomeUITests.swift */ = {isa = PBXFileReference; lastKnownFileType = sourcecode.swift; path = HA_iOS_TakeHomeUITests.swift; sourceTree = "<group>"; };
		585ADF0F217805C500D76AB6 /* Info.plist */ = {isa = PBXFileReference; lastKnownFileType = text.plist.xml; path = Info.plist; sourceTree = "<group>"; };
		585ADF21217808D700D76AB6 /* ProsVC.swift */ = {isa = PBXFileReference; lastKnownFileType = sourcecode.swift; path = ProsVC.swift; sourceTree = "<group>"; };
		585ADF2321780AED00D76AB6 /* ProsCell.swift */ = {isa = PBXFileReference; lastKnownFileType = sourcecode.swift; path = ProsCell.swift; sourceTree = "<group>"; };
		585ADF25217814E500D76AB6 /* Pros.swift */ = {isa = PBXFileReference; lastKnownFileType = sourcecode.swift; path = Pros.swift; sourceTree = "<group>"; };
		585ADF2A217817D000D76AB6 /* DataService.swift */ = {isa = PBXFileReference; lastKnownFileType = sourcecode.swift; path = DataService.swift; sourceTree = "<group>"; };
		585ADF6D2179485000D76AB6 /* DetailVC.swift */ = {isa = PBXFileReference; lastKnownFileType = sourcecode.swift; path = DetailVC.swift; sourceTree = "<group>"; };
		588CEB31217E74FB00B7066A /* pro_data.json */ = {isa = PBXFileReference; fileEncoding = 4; lastKnownFileType = text.json; path = pro_data.json; sourceTree = "<group>"; };
		81EB35FC5AF71008DACF519B /* Pods-HA_iOS_TakeHomeTests.release.xcconfig */ = {isa = PBXFileReference; includeInIndex = 1; lastKnownFileType = text.xcconfig; name = "Pods-HA_iOS_TakeHomeTests.release.xcconfig"; path = "Pods/Target Support Files/Pods-HA_iOS_TakeHomeTests/Pods-HA_iOS_TakeHomeTests.release.xcconfig"; sourceTree = "<group>"; };
		865D7D0312EEC0FC6A4416DA /* Pods_HA_iOS_TakeHome.framework */ = {isa = PBXFileReference; explicitFileType = wrapper.framework; includeInIndex = 0; path = Pods_HA_iOS_TakeHome.framework; sourceTree = BUILT_PRODUCTS_DIR; };
		C55F0503E712B091F2D92C7C /* Pods-HA_iOS_TakeHome.debug.xcconfig */ = {isa = PBXFileReference; includeInIndex = 1; lastKnownFileType = text.xcconfig; name = "Pods-HA_iOS_TakeHome.debug.xcconfig"; path = "Pods/Target Support Files/Pods-HA_iOS_TakeHome/Pods-HA_iOS_TakeHome.debug.xcconfig"; sourceTree = "<group>"; };
/* End PBXFileReference section */

/* Begin PBXFrameworksBuildPhase section */
		585ADEE7217805C300D76AB6 /* Frameworks */ = {
			isa = PBXFrameworksBuildPhase;
			buildActionMask = 2147483647;
			files = (
				0BBF5B2DEDB5A43B77A8C650 /* Pods_HA_iOS_TakeHome.framework in Frameworks */,
			);
			runOnlyForDeploymentPostprocessing = 0;
		};
		585ADEFB217805C500D76AB6 /* Frameworks */ = {
			isa = PBXFrameworksBuildPhase;
			buildActionMask = 2147483647;
			files = (
				4468D35D6D078BFD3CB7E049 /* Pods_HA_iOS_TakeHomeTests.framework in Frameworks */,
			);
			runOnlyForDeploymentPostprocessing = 0;
		};
		585ADF06217805C500D76AB6 /* Frameworks */ = {
			isa = PBXFrameworksBuildPhase;
			buildActionMask = 2147483647;
			files = (
			);
			runOnlyForDeploymentPostprocessing = 0;
		};
/* End PBXFrameworksBuildPhase section */

/* Begin PBXGroup section */
		0C7DFF73F0D5967EF28BA7D9 /* Pods */ = {
			isa = PBXGroup;
			children = (
				C55F0503E712B091F2D92C7C /* Pods-HA_iOS_TakeHome.debug.xcconfig */,
				323854B61D2AB5A2D739C988 /* Pods-HA_iOS_TakeHome.release.xcconfig */,
				07FDD773568D796DA4FBEF1D /* Pods-HA_iOS_TakeHomeTests.debug.xcconfig */,
				81EB35FC5AF71008DACF519B /* Pods-HA_iOS_TakeHomeTests.release.xcconfig */,
			);
			name = Pods;
			sourceTree = "<group>";
		};
		585ADEE1217805C300D76AB6 = {
			isa = PBXGroup;
			children = (
				585ADEEC217805C300D76AB6 /* HA_iOS_TakeHome */,
				585ADF01217805C500D76AB6 /* HA_iOS_TakeHomeTests */,
				585ADF0C217805C500D76AB6 /* HA_iOS_TakeHomeUITests */,
				585ADEEB217805C300D76AB6 /* Products */,
				0C7DFF73F0D5967EF28BA7D9 /* Pods */,
				F217D7E08D945A8FD8682744 /* Frameworks */,
			);
			sourceTree = "<group>";
		};
		585ADEEB217805C300D76AB6 /* Products */ = {
			isa = PBXGroup;
			children = (
				585ADEEA217805C300D76AB6 /* HA_iOS_TakeHome.app */,
				585ADEFE217805C500D76AB6 /* HA_iOS_TakeHomeTests.xctest */,
				585ADF09217805C500D76AB6 /* HA_iOS_TakeHomeUITests.xctest */,
			);
			name = Products;
			sourceTree = "<group>";
		};
		585ADEEC217805C300D76AB6 /* HA_iOS_TakeHome */ = {
			isa = PBXGroup;
			children = (
				585ADF1C217805F300D76AB6 /* Views */,
				585ADF1B217805E700D76AB6 /* Controllers */,
				585ADF29217817BC00D76AB6 /* Services */,
				585ADF1D217805FB00D76AB6 /* Models */,
				585ADEED217805C300D76AB6 /* AppDelegate.swift */,
				585ADEF9217805C400D76AB6 /* Info.plist */,
				585ADF1E2178062400D76AB6 /* Utilities */,
			);
			path = HA_iOS_TakeHome;
			sourceTree = "<group>";
		};
		585ADF01217805C500D76AB6 /* HA_iOS_TakeHomeTests */ = {
			isa = PBXGroup;
			children = (
				585ADF04217805C500D76AB6 /* Info.plist */,
				580E9917217EC68E0050EE22 /* ProCellSnapshot.swift */,
			);
			path = HA_iOS_TakeHomeTests;
			sourceTree = "<group>";
		};
		585ADF0C217805C500D76AB6 /* HA_iOS_TakeHomeUITests */ = {
			isa = PBXGroup;
			children = (
				585ADF0D217805C500D76AB6 /* HA_iOS_TakeHomeUITests.swift */,
				585ADF0F217805C500D76AB6 /* Info.plist */,
			);
			path = HA_iOS_TakeHomeUITests;
			sourceTree = "<group>";
		};
		585ADF1B217805E700D76AB6 /* Controllers */ = {
			isa = PBXGroup;
			children = (
				585ADF21217808D700D76AB6 /* ProsVC.swift */,
				585ADF6D2179485000D76AB6 /* DetailVC.swift */,
			);
			path = Controllers;
			sourceTree = "<group>";
		};
		585ADF1C217805F300D76AB6 /* Views */ = {
			isa = PBXGroup;
			children = (
				585ADEF1217805C300D76AB6 /* Main.storyboard */,
				585ADF2321780AED00D76AB6 /* ProsCell.swift */,
			);
			path = Views;
			sourceTree = "<group>";
		};
		585ADF1D217805FB00D76AB6 /* Models */ = {
			isa = PBXGroup;
			children = (
				585ADF25217814E500D76AB6 /* Pros.swift */,
			);
			path = Models;
			sourceTree = "<group>";
		};
		585ADF1E2178062400D76AB6 /* Utilities */ = {
			isa = PBXGroup;
			children = (
				585ADEF4217805C400D76AB6 /* Assets.xcassets */,
			);
			path = Utilities;
			sourceTree = "<group>";
		};
		585ADF29217817BC00D76AB6 /* Services */ = {
			isa = PBXGroup;
			children = (
				585ADF2A217817D000D76AB6 /* DataService.swift */,
				588CEB31217E74FB00B7066A /* pro_data.json */,
			);
			path = Services;
			sourceTree = "<group>";
		};
		F217D7E08D945A8FD8682744 /* Frameworks */ = {
			isa = PBXGroup;
			children = (
				865D7D0312EEC0FC6A4416DA /* Pods_HA_iOS_TakeHome.framework */,
				2B1E45C0B31C1D3B1194BC54 /* Pods_HA_iOS_TakeHomeTests.framework */,
			);
			name = Frameworks;
			sourceTree = "<group>";
		};
/* End PBXGroup section */

/* Begin PBXNativeTarget section */
		585ADEE9217805C300D76AB6 /* HA_iOS_TakeHome */ = {
			isa = PBXNativeTarget;
			buildConfigurationList = 585ADF12217805C500D76AB6 /* Build configuration list for PBXNativeTarget "HA_iOS_TakeHome" */;
			buildPhases = (
				20B21A09119FC56B6C88BDF5 /* [CP] Check Pods Manifest.lock */,
				585ADEE6217805C300D76AB6 /* Sources */,
				585ADEE7217805C300D76AB6 /* Frameworks */,
				585ADEE8217805C300D76AB6 /* Resources */,
				D3459F157C39D24433E76882 /* [CP] Embed Pods Frameworks */,
			);
			buildRules = (
			);
			dependencies = (
			);
			name = HA_iOS_TakeHome;
			productName = HA_iOS_TakeHome;
			productReference = 585ADEEA217805C300D76AB6 /* HA_iOS_TakeHome.app */;
			productType = "com.apple.product-type.application";
		};
		585ADEFD217805C500D76AB6 /* HA_iOS_TakeHomeTests */ = {
			isa = PBXNativeTarget;
			buildConfigurationList = 585ADF15217805C500D76AB6 /* Build configuration list for PBXNativeTarget "HA_iOS_TakeHomeTests" */;
			buildPhases = (
				0A0925A04B8F2C3A6C2A4585 /* [CP] Check Pods Manifest.lock */,
				585ADEFA217805C500D76AB6 /* Sources */,
				585ADEFB217805C500D76AB6 /* Frameworks */,
				585ADEFC217805C500D76AB6 /* Resources */,
				62DF71059C3FE82C7BBEE981 /* [CP] Embed Pods Frameworks */,
			);
			buildRules = (
			);
			dependencies = (
				585ADF00217805C500D76AB6 /* PBXTargetDependency */,
			);
			name = HA_iOS_TakeHomeTests;
			productName = HA_iOS_TakeHomeTests;
			productReference = 585ADEFE217805C500D76AB6 /* HA_iOS_TakeHomeTests.xctest */;
			productType = "com.apple.product-type.bundle.unit-test";
		};
		585ADF08217805C500D76AB6 /* HA_iOS_TakeHomeUITests */ = {
			isa = PBXNativeTarget;
			buildConfigurationList = 585ADF18217805C500D76AB6 /* Build configuration list for PBXNativeTarget "HA_iOS_TakeHomeUITests" */;
			buildPhases = (
				585ADF05217805C500D76AB6 /* Sources */,
				585ADF06217805C500D76AB6 /* Frameworks */,
				585ADF07217805C500D76AB6 /* Resources */,
			);
			buildRules = (
			);
			dependencies = (
				585ADF0B217805C500D76AB6 /* PBXTargetDependency */,
			);
			name = HA_iOS_TakeHomeUITests;
			productName = HA_iOS_TakeHomeUITests;
			productReference = 585ADF09217805C500D76AB6 /* HA_iOS_TakeHomeUITests.xctest */;
			productType = "com.apple.product-type.bundle.ui-testing";
		};
/* End PBXNativeTarget section */

/* Begin PBXProject section */
		585ADEE2217805C300D76AB6 /* Project object */ = {
			isa = PBXProject;
			attributes = {
				LastSwiftUpdateCheck = 1000;
				LastUpgradeCheck = 1000;
				ORGANIZATIONNAME = "Weston Gibler";
				TargetAttributes = {
					585ADEE9217805C300D76AB6 = {
						CreatedOnToolsVersion = 10.0;
					};
					585ADEFD217805C500D76AB6 = {
						CreatedOnToolsVersion = 10.0;
						TestTargetID = 585ADEE9217805C300D76AB6;
					};
					585ADF08217805C500D76AB6 = {
						CreatedOnToolsVersion = 10.0;
						TestTargetID = 585ADEE9217805C300D76AB6;
					};
				};
			};
			buildConfigurationList = 585ADEE5217805C300D76AB6 /* Build configuration list for PBXProject "HA_iOS_TakeHome" */;
			compatibilityVersion = "Xcode 9.3";
			developmentRegion = en;
			hasScannedForEncodings = 0;
			knownRegions = (
				en,
				Base,
			);
			mainGroup = 585ADEE1217805C300D76AB6;
			productRefGroup = 585ADEEB217805C300D76AB6 /* Products */;
			projectDirPath = "";
			projectRoot = "";
			targets = (
				585ADEE9217805C300D76AB6 /* HA_iOS_TakeHome */,
				585ADEFD217805C500D76AB6 /* HA_iOS_TakeHomeTests */,
				585ADF08217805C500D76AB6 /* HA_iOS_TakeHomeUITests */,
			);
		};
/* End PBXProject section */

/* Begin PBXResourcesBuildPhase section */
		585ADEE8217805C300D76AB6 /* Resources */ = {
			isa = PBXResourcesBuildPhase;
			buildActionMask = 2147483647;
			files = (
				585ADEF5217805C400D76AB6 /* Assets.xcassets in Resources */,
				588CEB32217E74FB00B7066A /* pro_data.json in Resources */,
				585ADEF3217805C300D76AB6 /* Main.storyboard in Resources */,
			);
			runOnlyForDeploymentPostprocessing = 0;
		};
		585ADEFC217805C500D76AB6 /* Resources */ = {
			isa = PBXResourcesBuildPhase;
			buildActionMask = 2147483647;
			files = (
			);
			runOnlyForDeploymentPostprocessing = 0;
		};
		585ADF07217805C500D76AB6 /* Resources */ = {
			isa = PBXResourcesBuildPhase;
			buildActionMask = 2147483647;
			files = (
			);
			runOnlyForDeploymentPostprocessing = 0;
		};
/* End PBXResourcesBuildPhase section */

/* Begin PBXShellScriptBuildPhase section */
		0A0925A04B8F2C3A6C2A4585 /* [CP] Check Pods Manifest.lock */ = {
			isa = PBXShellScriptBuildPhase;
			buildActionMask = 2147483647;
			files = (
			);
			inputFileListPaths = (
			);
			inputPaths = (
				"${PODS_PODFILE_DIR_PATH}/Podfile.lock",
				"${PODS_ROOT}/Manifest.lock",
			);
			name = "[CP] Check Pods Manifest.lock";
			outputFileListPaths = (
			);
			outputPaths = (
				"$(DERIVED_FILE_DIR)/Pods-HA_iOS_TakeHomeTests-checkManifestLockResult.txt",
			);
			runOnlyForDeploymentPostprocessing = 0;
			shellPath = /bin/sh;
			shellScript = "diff \"${PODS_PODFILE_DIR_PATH}/Podfile.lock\" \"${PODS_ROOT}/Manifest.lock\" > /dev/null\nif [ $? != 0 ] ; then\n    # print error to STDERR\n    echo \"error: The sandbox is not in sync with the Podfile.lock. Run 'pod install' or update your CocoaPods installation.\" >&2\n    exit 1\nfi\n# This output is used by Xcode 'outputs' to avoid re-running this script phase.\necho \"SUCCESS\" > \"${SCRIPT_OUTPUT_FILE_0}\"\n";
			showEnvVarsInLog = 0;
		};
		20B21A09119FC56B6C88BDF5 /* [CP] Check Pods Manifest.lock */ = {
			isa = PBXShellScriptBuildPhase;
			buildActionMask = 2147483647;
			files = (
			);
			inputFileListPaths = (
			);
			inputPaths = (
				"${PODS_PODFILE_DIR_PATH}/Podfile.lock",
				"${PODS_ROOT}/Manifest.lock",
			);
			name = "[CP] Check Pods Manifest.lock";
			outputFileListPaths = (
			);
			outputPaths = (
				"$(DERIVED_FILE_DIR)/Pods-HA_iOS_TakeHome-checkManifestLockResult.txt",
			);
			runOnlyForDeploymentPostprocessing = 0;
			shellPath = /bin/sh;
			shellScript = "diff \"${PODS_PODFILE_DIR_PATH}/Podfile.lock\" \"${PODS_ROOT}/Manifest.lock\" > /dev/null\nif [ $? != 0 ] ; then\n    # print error to STDERR\n    echo \"error: The sandbox is not in sync with the Podfile.lock. Run 'pod install' or update your CocoaPods installation.\" >&2\n    exit 1\nfi\n# This output is used by Xcode 'outputs' to avoid re-running this script phase.\necho \"SUCCESS\" > \"${SCRIPT_OUTPUT_FILE_0}\"\n";
			showEnvVarsInLog = 0;
		};
		62DF71059C3FE82C7BBEE981 /* [CP] Embed Pods Frameworks */ = {
			isa = PBXShellScriptBuildPhase;
			buildActionMask = 2147483647;
			files = (
			);
			inputFileListPaths = (
			);
			inputPaths = (
				"${SRCROOT}/Pods/Target Support Files/Pods-HA_iOS_TakeHomeTests/Pods-HA_iOS_TakeHomeTests-frameworks.sh",
				"${BUILT_PRODUCTS_DIR}/FBSnapshotTestCase/FBSnapshotTestCase.framework",
			);
			name = "[CP] Embed Pods Frameworks";
			outputFileListPaths = (
			);
			outputPaths = (
				"${TARGET_BUILD_DIR}/${FRAMEWORKS_FOLDER_PATH}/FBSnapshotTestCase.framework",
			);
			runOnlyForDeploymentPostprocessing = 0;
			shellPath = /bin/sh;
			shellScript = "\"${SRCROOT}/Pods/Target Support Files/Pods-HA_iOS_TakeHomeTests/Pods-HA_iOS_TakeHomeTests-frameworks.sh\"\n";
			showEnvVarsInLog = 0;
		};
		D3459F157C39D24433E76882 /* [CP] Embed Pods Frameworks */ = {
			isa = PBXShellScriptBuildPhase;
			buildActionMask = 2147483647;
			files = (
			);
			inputFileListPaths = (
			);
			inputPaths = (
				"${SRCROOT}/Pods/Target Support Files/Pods-HA_iOS_TakeHome/Pods-HA_iOS_TakeHome-frameworks.sh",
				"${BUILT_PRODUCTS_DIR}/SwiftyJSON/SwiftyJSON.framework",
			);
			name = "[CP] Embed Pods Frameworks";
			outputFileListPaths = (
			);
			outputPaths = (
				"${TARGET_BUILD_DIR}/${FRAMEWORKS_FOLDER_PATH}/SwiftyJSON.framework",
			);
			runOnlyForDeploymentPostprocessing = 0;
			shellPath = /bin/sh;
			shellScript = "\"${SRCROOT}/Pods/Target Support Files/Pods-HA_iOS_TakeHome/Pods-HA_iOS_TakeHome-frameworks.sh\"\n";
			showEnvVarsInLog = 0;
		};
/* End PBXShellScriptBuildPhase section */

/* Begin PBXSourcesBuildPhase section */
		585ADEE6217805C300D76AB6 /* Sources */ = {
			isa = PBXSourcesBuildPhase;
			buildActionMask = 2147483647;
			files = (
				585ADF2421780AED00D76AB6 /* ProsCell.swift in Sources */,
				585ADF26217814E500D76AB6 /* Pros.swift in Sources */,
				585ADF2B217817D000D76AB6 /* DataService.swift in Sources */,
				585ADF22217808D700D76AB6 /* ProsVC.swift in Sources */,
				585ADF6E2179485000D76AB6 /* DetailVC.swift in Sources */,
				585ADEEE217805C300D76AB6 /* AppDelegate.swift in Sources */,
			);
			runOnlyForDeploymentPostprocessing = 0;
		};
		585ADEFA217805C500D76AB6 /* Sources */ = {
			isa = PBXSourcesBuildPhase;
			buildActionMask = 2147483647;
			files = (
				580E9918217EC68E0050EE22 /* ProCellSnapshot.swift in Sources */,
			);
			runOnlyForDeploymentPostprocessing = 0;
		};
		585ADF05217805C500D76AB6 /* Sources */ = {
			isa = PBXSourcesBuildPhase;
			buildActionMask = 2147483647;
			files = (
				585ADF0E217805C500D76AB6 /* HA_iOS_TakeHomeUITests.swift in Sources */,
			);
			runOnlyForDeploymentPostprocessing = 0;
		};
/* End PBXSourcesBuildPhase section */

/* Begin PBXTargetDependency section */
		585ADF00217805C500D76AB6 /* PBXTargetDependency */ = {
			isa = PBXTargetDependency;
			target = 585ADEE9217805C300D76AB6 /* HA_iOS_TakeHome */;
			targetProxy = 585ADEFF217805C500D76AB6 /* PBXContainerItemProxy */;
		};
		585ADF0B217805C500D76AB6 /* PBXTargetDependency */ = {
			isa = PBXTargetDependency;
			target = 585ADEE9217805C300D76AB6 /* HA_iOS_TakeHome */;
			targetProxy = 585ADF0A217805C500D76AB6 /* PBXContainerItemProxy */;
		};
/* End PBXTargetDependency section */

/* Begin PBXVariantGroup section */
		585ADEF1217805C300D76AB6 /* Main.storyboard */ = {
			isa = PBXVariantGroup;
			children = (
				585ADEF2217805C300D76AB6 /* Base */,
			);
			name = Main.storyboard;
			sourceTree = "<group>";
		};
/* End PBXVariantGroup section */

/* Begin XCBuildConfiguration section */
		585ADF10217805C500D76AB6 /* Debug */ = {
			isa = XCBuildConfiguration;
			buildSettings = {
				ALWAYS_SEARCH_USER_PATHS = NO;
				CLANG_ANALYZER_NONNULL = YES;
				CLANG_ANALYZER_NUMBER_OBJECT_CONVERSION = YES_AGGRESSIVE;
				CLANG_CXX_LANGUAGE_STANDARD = "gnu++14";
				CLANG_CXX_LIBRARY = "libc++";
				CLANG_ENABLE_MODULES = YES;
				CLANG_ENABLE_OBJC_ARC = YES;
				CLANG_ENABLE_OBJC_WEAK = YES;
				CLANG_WARN_BLOCK_CAPTURE_AUTORELEASING = YES;
				CLANG_WARN_BOOL_CONVERSION = YES;
				CLANG_WARN_COMMA = YES;
				CLANG_WARN_CONSTANT_CONVERSION = YES;
				CLANG_WARN_DEPRECATED_OBJC_IMPLEMENTATIONS = YES;
				CLANG_WARN_DIRECT_OBJC_ISA_USAGE = YES_ERROR;
				CLANG_WARN_DOCUMENTATION_COMMENTS = YES;
				CLANG_WARN_EMPTY_BODY = YES;
				CLANG_WARN_ENUM_CONVERSION = YES;
				CLANG_WARN_INFINITE_RECURSION = YES;
				CLANG_WARN_INT_CONVERSION = YES;
				CLANG_WARN_NON_LITERAL_NULL_CONVERSION = YES;
				CLANG_WARN_OBJC_IMPLICIT_RETAIN_SELF = YES;
				CLANG_WARN_OBJC_LITERAL_CONVERSION = YES;
				CLANG_WARN_OBJC_ROOT_CLASS = YES_ERROR;
				CLANG_WARN_RANGE_LOOP_ANALYSIS = YES;
				CLANG_WARN_STRICT_PROTOTYPES = YES;
				CLANG_WARN_SUSPICIOUS_MOVE = YES;
				CLANG_WARN_UNGUARDED_AVAILABILITY = YES_AGGRESSIVE;
				CLANG_WARN_UNREACHABLE_CODE = YES;
				CLANG_WARN__DUPLICATE_METHOD_MATCH = YES;
				CODE_SIGN_IDENTITY = "iPhone Developer";
				COPY_PHASE_STRIP = NO;
				DEBUG_INFORMATION_FORMAT = dwarf;
				ENABLE_STRICT_OBJC_MSGSEND = YES;
				ENABLE_TESTABILITY = YES;
				GCC_C_LANGUAGE_STANDARD = gnu11;
				GCC_DYNAMIC_NO_PIC = NO;
				GCC_NO_COMMON_BLOCKS = YES;
				GCC_OPTIMIZATION_LEVEL = 0;
				GCC_PREPROCESSOR_DEFINITIONS = (
					"DEBUG=1",
					"$(inherited)",
				);
				GCC_WARN_64_TO_32_BIT_CONVERSION = YES;
				GCC_WARN_ABOUT_RETURN_TYPE = YES_ERROR;
				GCC_WARN_UNDECLARED_SELECTOR = YES;
				GCC_WARN_UNINITIALIZED_AUTOS = YES_AGGRESSIVE;
				GCC_WARN_UNUSED_FUNCTION = YES;
				GCC_WARN_UNUSED_VARIABLE = YES;
				IPHONEOS_DEPLOYMENT_TARGET = 12.0;
				MTL_ENABLE_DEBUG_INFO = INCLUDE_SOURCE;
				MTL_FAST_MATH = YES;
				ONLY_ACTIVE_ARCH = YES;
				SDKROOT = iphoneos;
				SWIFT_ACTIVE_COMPILATION_CONDITIONS = DEBUG;
				SWIFT_OPTIMIZATION_LEVEL = "-Onone";
			};
			name = Debug;
		};
		585ADF11217805C500D76AB6 /* Release */ = {
			isa = XCBuildConfiguration;
			buildSettings = {
				ALWAYS_SEARCH_USER_PATHS = NO;
				CLANG_ANALYZER_NONNULL = YES;
				CLANG_ANALYZER_NUMBER_OBJECT_CONVERSION = YES_AGGRESSIVE;
				CLANG_CXX_LANGUAGE_STANDARD = "gnu++14";
				CLANG_CXX_LIBRARY = "libc++";
				CLANG_ENABLE_MODULES = YES;
				CLANG_ENABLE_OBJC_ARC = YES;
				CLANG_ENABLE_OBJC_WEAK = YES;
				CLANG_WARN_BLOCK_CAPTURE_AUTORELEASING = YES;
				CLANG_WARN_BOOL_CONVERSION = YES;
				CLANG_WARN_COMMA = YES;
				CLANG_WARN_CONSTANT_CONVERSION = YES;
				CLANG_WARN_DEPRECATED_OBJC_IMPLEMENTATIONS = YES;
				CLANG_WARN_DIRECT_OBJC_ISA_USAGE = YES_ERROR;
				CLANG_WARN_DOCUMENTATION_COMMENTS = YES;
				CLANG_WARN_EMPTY_BODY = YES;
				CLANG_WARN_ENUM_CONVERSION = YES;
				CLANG_WARN_INFINITE_RECURSION = YES;
				CLANG_WARN_INT_CONVERSION = YES;
				CLANG_WARN_NON_LITERAL_NULL_CONVERSION = YES;
				CLANG_WARN_OBJC_IMPLICIT_RETAIN_SELF = YES;
				CLANG_WARN_OBJC_LITERAL_CONVERSION = YES;
				CLANG_WARN_OBJC_ROOT_CLASS = YES_ERROR;
				CLANG_WARN_RANGE_LOOP_ANALYSIS = YES;
				CLANG_WARN_STRICT_PROTOTYPES = YES;
				CLANG_WARN_SUSPICIOUS_MOVE = YES;
				CLANG_WARN_UNGUARDED_AVAILABILITY = YES_AGGRESSIVE;
				CLANG_WARN_UNREACHABLE_CODE = YES;
				CLANG_WARN__DUPLICATE_METHOD_MATCH = YES;
				CODE_SIGN_IDENTITY = "iPhone Developer";
				COPY_PHASE_STRIP = NO;
				DEBUG_INFORMATION_FORMAT = "dwarf-with-dsym";
				ENABLE_NS_ASSERTIONS = NO;
				ENABLE_STRICT_OBJC_MSGSEND = YES;
				GCC_C_LANGUAGE_STANDARD = gnu11;
				GCC_NO_COMMON_BLOCKS = YES;
				GCC_WARN_64_TO_32_BIT_CONVERSION = YES;
				GCC_WARN_ABOUT_RETURN_TYPE = YES_ERROR;
				GCC_WARN_UNDECLARED_SELECTOR = YES;
				GCC_WARN_UNINITIALIZED_AUTOS = YES_AGGRESSIVE;
				GCC_WARN_UNUSED_FUNCTION = YES;
				GCC_WARN_UNUSED_VARIABLE = YES;
				IPHONEOS_DEPLOYMENT_TARGET = 12.0;
				MTL_ENABLE_DEBUG_INFO = NO;
				MTL_FAST_MATH = YES;
				SDKROOT = iphoneos;
				SWIFT_COMPILATION_MODE = wholemodule;
				SWIFT_OPTIMIZATION_LEVEL = "-O";
				VALIDATE_PRODUCT = YES;
			};
			name = Release;
		};
		585ADF13217805C500D76AB6 /* Debug */ = {
			isa = XCBuildConfiguration;
			baseConfigurationReference = C55F0503E712B091F2D92C7C /* Pods-HA_iOS_TakeHome.debug.xcconfig */;
			buildSettings = {
				ASSETCATALOG_COMPILER_APPICON_NAME = AppIcon;
				CODE_SIGN_STYLE = Automatic;
				DEVELOPMENT_TEAM = RP6FSYN5B5;
				INFOPLIST_FILE = HA_iOS_TakeHome/Info.plist;
				LD_RUNPATH_SEARCH_PATHS = (
					"$(inherited)",
					"@executable_path/Frameworks",
				);
				PRODUCT_BUNDLE_IDENTIFIER = "com.westongibler.HA-iOS-TakeHome";
				PRODUCT_NAME = "$(TARGET_NAME)";
				SWIFT_VERSION = 4.2;
				TARGETED_DEVICE_FAMILY = "1,2";
			};
			name = Debug;
		};
		585ADF14217805C500D76AB6 /* Release */ = {
			isa = XCBuildConfiguration;
			baseConfigurationReference = 323854B61D2AB5A2D739C988 /* Pods-HA_iOS_TakeHome.release.xcconfig */;
			buildSettings = {
				ASSETCATALOG_COMPILER_APPICON_NAME = AppIcon;
				CODE_SIGN_STYLE = Automatic;
				DEVELOPMENT_TEAM = RP6FSYN5B5;
				INFOPLIST_FILE = HA_iOS_TakeHome/Info.plist;
				LD_RUNPATH_SEARCH_PATHS = (
					"$(inherited)",
					"@executable_path/Frameworks",
				);
				PRODUCT_BUNDLE_IDENTIFIER = "com.westongibler.HA-iOS-TakeHome";
				PRODUCT_NAME = "$(TARGET_NAME)";
				SWIFT_VERSION = 4.2;
				TARGETED_DEVICE_FAMILY = "1,2";
			};
			name = Release;
		};
		585ADF16217805C500D76AB6 /* Debug */ = {
			isa = XCBuildConfiguration;
			baseConfigurationReference = 07FDD773568D796DA4FBEF1D /* Pods-HA_iOS_TakeHomeTests.debug.xcconfig */;
			buildSettings = {
				ALWAYS_EMBED_SWIFT_STANDARD_LIBRARIES = YES;
				BUNDLE_LOADER = "$(TEST_HOST)";
				CODE_SIGN_STYLE = Automatic;
				DEVELOPMENT_TEAM = RP6FSYN5B5;
				INFOPLIST_FILE = HA_iOS_TakeHomeTests/Info.plist;
				LD_RUNPATH_SEARCH_PATHS = (
					"$(inherited)",
					"@executable_path/Frameworks",
					"@loader_path/Frameworks",
				);
				PRODUCT_BUNDLE_IDENTIFIER = "com.westongibler.HA-iOS-TakeHomeTests";
				PRODUCT_NAME = "$(TARGET_NAME)";
				SWIFT_VERSION = 4.2;
				TARGETED_DEVICE_FAMILY = "1,2";
				TEST_HOST = "$(BUILT_PRODUCTS_DIR)/HA_iOS_TakeHome.app/HA_iOS_TakeHome";
			};
			name = Debug;
		};
		585ADF17217805C500D76AB6 /* Release */ = {
			isa = XCBuildConfiguration;
			baseConfigurationReference = 81EB35FC5AF71008DACF519B /* Pods-HA_iOS_TakeHomeTests.release.xcconfig */;
			buildSettings = {
				ALWAYS_EMBED_SWIFT_STANDARD_LIBRARIES = YES;
				BUNDLE_LOADER = "$(TEST_HOST)";
				CODE_SIGN_STYLE = Automatic;
				DEVELOPMENT_TEAM = RP6FSYN5B5;
				INFOPLIST_FILE = HA_iOS_TakeHomeTests/Info.plist;
				LD_RUNPATH_SEARCH_PATHS = (
					"$(inherited)",
					"@executable_path/Frameworks",
					"@loader_path/Frameworks",
				);
				PRODUCT_BUNDLE_IDENTIFIER = "com.westongibler.HA-iOS-TakeHomeTests";
				PRODUCT_NAME = "$(TARGET_NAME)";
				SWIFT_VERSION = 4.2;
				TARGETED_DEVICE_FAMILY = "1,2";
				TEST_HOST = "$(BUILT_PRODUCTS_DIR)/HA_iOS_TakeHome.app/HA_iOS_TakeHome";
			};
			name = Release;
		};
		585ADF19217805C500D76AB6 /* Debug */ = {
			isa = XCBuildConfiguration;
			buildSettings = {
				ALWAYS_EMBED_SWIFT_STANDARD_LIBRARIES = YES;
				CODE_SIGN_STYLE = Automatic;
				DEVELOPMENT_TEAM = RP6FSYN5B5;
				INFOPLIST_FILE = HA_iOS_TakeHomeUITests/Info.plist;
				LD_RUNPATH_SEARCH_PATHS = (
					"$(inherited)",
					"@executable_path/Frameworks",
					"@loader_path/Frameworks",
				);
				PRODUCT_BUNDLE_IDENTIFIER = "com.westongibler.HA-iOS-TakeHomeUITests";
				PRODUCT_NAME = "$(TARGET_NAME)";
				SWIFT_VERSION = 4.2;
				TARGETED_DEVICE_FAMILY = "1,2";
				TEST_TARGET_NAME = HA_iOS_TakeHome;
			};
			name = Debug;
		};
		585ADF1A217805C500D76AB6 /* Release */ = {
			isa = XCBuildConfiguration;
			buildSettings = {
				ALWAYS_EMBED_SWIFT_STANDARD_LIBRARIES = YES;
				CODE_SIGN_STYLE = Automatic;
				DEVELOPMENT_TEAM = RP6FSYN5B5;
				INFOPLIST_FILE = HA_iOS_TakeHomeUITests/Info.plist;
				LD_RUNPATH_SEARCH_PATHS = (
					"$(inherited)",
					"@executable_path/Frameworks",
					"@loader_path/Frameworks",
				);
				PRODUCT_BUNDLE_IDENTIFIER = "com.westongibler.HA-iOS-TakeHomeUITests";
				PRODUCT_NAME = "$(TARGET_NAME)";
				SWIFT_VERSION = 4.2;
				TARGETED_DEVICE_FAMILY = "1,2";
				TEST_TARGET_NAME = HA_iOS_TakeHome;
			};
			name = Release;
		};
/* End XCBuildConfiguration section */

/* Begin XCConfigurationList section */
		585ADEE5217805C300D76AB6 /* Build configuration list for PBXProject "HA_iOS_TakeHome" */ = {
			isa = XCConfigurationList;
			buildConfigurations = (
				585ADF10217805C500D76AB6 /* Debug */,
				585ADF11217805C500D76AB6 /* Release */,
			);
			defaultConfigurationIsVisible = 0;
			defaultConfigurationName = Release;
		};
		585ADF12217805C500D76AB6 /* Build configuration list for PBXNativeTarget "HA_iOS_TakeHome" */ = {
			isa = XCConfigurationList;
			buildConfigurations = (
				585ADF13217805C500D76AB6 /* Debug */,
				585ADF14217805C500D76AB6 /* Release */,
			);
			defaultConfigurationIsVisible = 0;
			defaultConfigurationName = Release;
		};
		585ADF15217805C500D76AB6 /* Build configuration list for PBXNativeTarget "HA_iOS_TakeHomeTests" */ = {
			isa = XCConfigurationList;
			buildConfigurations = (
				585ADF16217805C500D76AB6 /* Debug */,
				585ADF17217805C500D76AB6 /* Release */,
			);
			defaultConfigurationIsVisible = 0;
			defaultConfigurationName = Release;
		};
		585ADF18217805C500D76AB6 /* Build configuration list for PBXNativeTarget "HA_iOS_TakeHomeUITests" */ = {
			isa = XCConfigurationList;
			buildConfigurations = (
				585ADF19217805C500D76AB6 /* Debug */,
				585ADF1A217805C500D76AB6 /* Release */,
			);
			defaultConfigurationIsVisible = 0;
			defaultConfigurationName = Release;
		};
/* End XCConfigurationList section */
	};
	rootObject = 585ADEE2217805C300D76AB6 /* Project object */;
}
